<?xml version="1.0" encoding="UTF-8" standalone="yes" ?>
<CodeBlocks_project_file>
	<FileVersion major="1" minor="6" />
	<Project>
		<Option title="ParquetFP" />
		<Option pch_mode="2" />
		<Option compiler="gcc" />
		<Build>
			<Target title="Debug">
				<Option output="bin\Debug\ParquetFP" prefix_auto="1" extension_auto="1" />
				<Option object_output="obj\Debug\" />
				<Option type="1" />
				<Option compiler="gcc" />
				<Compiler>
					<Add option="-g" />
				</Compiler>
			</Target>
			<Target title="Release">
				<Option output="bin\Release\ParquetFP" prefix_auto="1" extension_auto="1" />
				<Option object_output="obj\Release\" />
				<Option type="1" />
				<Option compiler="gcc" />
				<Compiler>
					<Add option="-O2" />
				</Compiler>
				<Linker>
					<Add option="-s" />
				</Linker>
			</Target>
		</Build>
		<Compiler>
			<Add option="-Wall" />
		</Compiler>
		<Unit filename="AnalytSolve.cxx" />
		<Unit filename="AnalytSolve.h" />
		<Unit filename="Annealer.cxx" />
		<Unit filename="Annealer.h" />
		<Unit filename="ClusterDB.cxx" />
		<Unit filename="ClusterDB.h" />
		<Unit filename="CommandLine.cxx" />
		<Unit filename="CommandLine.h" />
		<Unit filename="DB.cxx" />
		<Unit filename="DB.h" />
		<Unit filename="FPcommon.cxx" />
		<Unit filename="FPcommon.h" />
		<Unit filename="Makefile" />
		<Unit filename="Net.cxx" />
		<Unit filename="Net.h" />
		<Unit filename="Nets.cxx" />
		<Unit filename="Nets.h" />
		<Unit filename="Node.cxx" />
		<Unit filename="Node.h" />
		<Unit filename="Nodes.cxx" />
		<Unit filename="Nodes.h" />
		<Unit filename="Parquet.cxx" />
		<Unit filename="Parquet.h" />
		<Unit filename="ParquetFP.cbp" />
		<Unit filename="PlToSP.cxx" />
		<Unit filename="PlToSP.h" />
		<Unit filename="SPeval.cxx" />
		<Unit filename="SPeval.h" />
		<Unit filename="SeqPair.cxx" />
		<Unit filename="SeqPair.h" />
		<Unit filename="SolveMulti.cxx" />
		<Unit filename="SolveMulti.h" />
		<Unit filename="allparquet.h" />
		<Unit filename="baseannealer.cxx" />
		<Unit filename="baseannealer.h" />
		<Unit filename="basepacking.cxx" />
		<Unit filename="basepacking.h" />
		<Unit filename="btree.cxx" />
		<Unit filename="btree.h" />
		<Unit filename="btreeanneal.cxx" />
		<Unit filename="btreeanneal.h" />
		<Unit filename="btreecompact.cxx" />
		<Unit filename="btreecompact.h" />
		<Unit filename="btreecompactsstree.h" />
		<Unit filename="btreefromsstree.h" />
		<Unit filename="btreeslackeval.cxx" />
		<Unit filename="btreeslackeval.h" />
		<Unit filename="debug.h" />
		<Unit filename="debugflags.h" />
		<Unit filename="main.cxx" />
		<Unit filename="mixedpacking.cxx" />
		<Unit filename="mixedpacking.h" />
		<Unit filename="mixedpackingfromdb.cxx" />
		<Unit filename="mixedpackingfromdb.h" />
		<Unit filename="netlist.cxx" />
		<Unit filename="netlist.h" />
		<Unit filename="parsers.h" />
		<Unit filename="pinCache.h" />
		<Unit filename="plcompact.cxx" />
		<Unit filename="plcompact.h" />
		<Unit filename="plsptobtree.cxx" />
		<Unit filename="plsptobtree.h" />
		<Unit filename="pltobtree.cxx" />
		<Unit filename="pltobtree.h" />
		<Extensions>
			<code_completion />
			<debugger />
		</Extensions>
	</Project>
</CodeBlocks_project_file>
